
Microsoft Visual Studio Solution File, Format Version 12.00
# Visual Studio Version 16
VisualStudioVersion = 16.0.30309.148
MinimumVisualStudioVersion = 10.0.40219.1
Project("{FAE04EC0-301F-11D3-BF4B-00C04F79EFBC}") = "CoreAuth", "CoreAuth.csproj", "{0AA8BC64-9901-4846-93E7-E97F32FBF514}"
EndProject
Global
	GlobalSection(SolutionConfigurationPlatforms) = preSolution
		Debug|Any CPU = Debug|Any CPU
		Release|Any CPU = Release|Any CPU
	EndGlobalSection
	GlobalSection(ProjectConfigurationPlatforms) = postSolution
		{0AA8BC64-9901-4846-93E7-E97F32FBF514}.Debug|Any CPU.ActiveCfg = Debug|Any CPU
		{0AA8BC64-9901-4846-93E7-E97F32FBF514}.Debug|Any CPU.Build.0 = Debug|Any CPU
		{0AA8BC64-9901-4846-93E7-E97F32FBF514}.Release|Any CPU.ActiveCfg = Release|Any CPU
		{0AA8BC64-9901-4846-93E7-E97F32FBF514}.Release|Any CPU.Build.0 = Release|Any CPU
	EndGlobalSection
	GlobalSection(SolutionProperties) = preSolution
		HideSolutionNode = FALSE
	EndGlobalSection
	GlobalSection(ExtensibilityGlobals) = postSolution
		SolutionGuid = {FE9A03D0-5778-4D16-879D-9895366AC0E2}
	EndGlobalSection
EndGlobal
